// !$*UTF8*$!
{
	archiveVersion = 1;
	classes = {
	};
	objectVersion = 50;
	objects = {

/* Begin PBXBuildFile section */
		D8C037FA27229B7B001D5C17 /* AppDelegate.swift in Sources */ = {isa = PBXBuildFile; fileRef = D8C037F927229B7B001D5C17 /* AppDelegate.swift */; };
		D8C037FC27229B7B001D5C17 /* SceneDelegate.swift in Sources */ = {isa = PBXBuildFile; fileRef = D8C037FB27229B7B001D5C17 /* SceneDelegate.swift */; };
		D8C037FE27229B7B001D5C17 /* ViewController.swift in Sources */ = {isa = PBXBuildFile; fileRef = D8C037FD27229B7B001D5C17 /* ViewController.swift */; };
		D8C0380127229B7B001D5C17 /* Main.storyboard in Resources */ = {isa = PBXBuildFile; fileRef = D8C037FF27229B7B001D5C17 /* Main.storyboard */; };
		D8C0380427229B7B001D5C17 /* MusicPlayer.xcdatamodeld in Sources */ = {isa = PBXBuildFile; fileRef = D8C0380227229B7B001D5C17 /* MusicPlayer.xcdatamodeld */; };
		D8C0380627229B7B001D5C17 /* Assets.xcassets in Resources */ = {isa = PBXBuildFile; fileRef = D8C0380527229B7B001D5C17 /* Assets.xcassets */; };
		D8C0380927229B7B001D5C17 /* LaunchScreen.storyboard in Resources */ = {isa = PBXBuildFile; fileRef = D8C0380727229B7B001D5C17 /* LaunchScreen.storyboard */; };
		D8C0381427229B7C001D5C17 /* MusicPlayerTests.swift in Sources */ = {isa = PBXBuildFile; fileRef = D8C0381327229B7C001D5C17 /* MusicPlayerTests.swift */; };
		D8C0381F27229B7C001D5C17 /* MusicPlayerUITests.swift in Sources */ = {isa = PBXBuildFile; fileRef = D8C0381E27229B7C001D5C17 /* MusicPlayerUITests.swift */; };
/* End PBXBuildFile section */

/* Begin PBXContainerItemProxy section */
		D8C0381027229B7B001D5C17 /* PBXContainerItemProxy */ = {
			isa = PBXContainerItemProxy;
			containerPortal = D8C037EE27229B7B001D5C17 /* Project object */;
			proxyType = 1;
			remoteGlobalIDString = D8C037F527229B7B001D5C17;
			remoteInfo = MusicPlayer;
		};
		D8C0381B27229B7C001D5C17 /* PBXContainerItemProxy */ = {
			isa = PBXContainerItemProxy;
			containerPortal = D8C037EE27229B7B001D5C17 /* Project object */;
			proxyType = 1;
			remoteGlobalIDString = D8C037F527229B7B001D5C17;
			remoteInfo = MusicPlayer;
		};
/* End PBXContainerItemProxy section */

/* Begin PBXFileReference section */
		D8C037F627229B7B001D5C17 /* MusicPlayer.app */ = {isa = PBXFileReference; explicitFileType = wrapper.application; includeInIndex = 0; path = MusicPlayer.app; sourceTree = BUILT_PRODUCTS_DIR; };
		D8C037F927229B7B001D5C17 /* AppDelegate.swift */ = {isa = PBXFileReference; lastKnownFileType = sourcecode.swift; path = AppDelegate.swift; sourceTree = "<group>"; };
		D8C037FB27229B7B001D5C17 /* SceneDelegate.swift */ = {isa = PBXFileReference; lastKnownFileType = sourcecode.swift; path = SceneDelegate.swift; sourceTree = "<group>"; };
		D8C037FD27229B7B001D5C17 /* ViewController.swift */ = {isa = PBXFileReference; lastKnownFileType = sourcecode.swift; path = ViewController.swift; sourceTree = "<group>"; };
		D8C0380027229B7B001D5C17 /* Base */ = {isa = PBXFileReference; lastKnownFileType = file.storyboard; name = Base; path = Base.lproj/Main.storyboard; sourceTree = "<group>"; };
		D8C0380327229B7B001D5C17 /* MusicPlayer.xcdatamodel */ = {isa = PBXFileReference; lastKnownFileType = wrapper.xcdatamodel; path = MusicPlayer.xcdatamodel; sourceTree = "<group>"; };
		D8C0380527229B7B001D5C17 /* Assets.xcassets */ = {isa = PBXFileReference; lastKnownFileType = folder.assetcatalog; path = Assets.xcassets; sourceTree = "<group>"; };
		D8C0380827229B7B001D5C17 /* Base */ = {isa = PBXFileReference; lastKnownFileType = file.storyboard; name = Base; path = Base.lproj/LaunchScreen.storyboard; sourceTree = "<group>"; };
		D8C0380A27229B7B001D5C17 /* Info.plist */ = {isa = PBXFileReference; lastKnownFileType = text.plist.xml; path = Info.plist; sourceTree = "<group>"; };
		D8C0380F27229B7B001D5C17 /* MusicPlayerTests.xctest */ = {isa = PBXFileReference; explicitFileType = wrapper.cfbundle; includeInIndex = 0; path = MusicPlayerTests.xctest; sourceTree = BUILT_PRODUCTS_DIR; };
		D8C0381327229B7C001D5C17 /* MusicPlayerTests.swift */ = {isa = PBXFileReference; lastKnownFileType = sourcecode.swift; path = MusicPlayerTests.swift; sourceTree = "<group>"; };
		D8C0381527229B7C001D5C17 /* Info.plist */ = {isa = PBXFileReference; lastKnownFileType = text.plist.xml; path = Info.plist; sourceTree = "<group>"; };
		D8C0381A27229B7C001D5C17 /* MusicPlayerUITests.xctest */ = {isa = PBXFileReference; explicitFileType = wrapper.cfbundle; includeInIndex = 0; path = MusicPlayerUITests.xctest; sourceTree = BUILT_PRODUCTS_DIR; };
		D8C0381E27229B7C001D5C17 /* MusicPlayerUITests.swift */ = {isa = PBXFileReference; lastKnownFileType = sourcecode.swift; path = MusicPlayerUITests.swift; sourceTree = "<group>"; };
		D8C0382027229B7C001D5C17 /* Info.plist */ = {isa = PBXFileReference; lastKnownFileType = text.plist.xml; path = Info.plist; sourceTree = "<group>"; };
/* End PBXFileReference section */

/* Begin PBXFrameworksBuildPhase section */
		D8C037F327229B7B001D5C17 /* Frameworks */ = {
			isa = PBXFrameworksBuildPhase;
			buildActionMask = 2147483647;
			files = (
			);
			runOnlyForDeploymentPostprocessing = 0;
		};
		D8C0380C27229B7B001D5C17 /* Frameworks */ = {
			isa = PBXFrameworksBuildPhase;
			buildActionMask = 2147483647;
			files = (
			);
			runOnlyForDeploymentPostprocessing = 0;
		};
		D8C0381727229B7C001D5C17 /* Frameworks */ = {
			isa = PBXFrameworksBuildPhase;
			buildActionMask = 2147483647;
			files = (
			);
			runOnlyForDeploymentPostprocessing = 0;
		};
/* End PBXFrameworksBuildPhase section */

/* Begin PBXGroup section */
		D8C037ED27229B7B001D5C17 = {
			isa = PBXGroup;
			children = (
				D8C037F827229B7B001D5C17 /* MusicPlayer */,
				D8C0381227229B7B001D5C17 /* MusicPlayerTests */,
				D8C0381D27229B7C001D5C17 /* MusicPlayerUITests */,
				D8C037F727229B7B001D5C17 /* Products */,
			);
			sourceTree = "<group>";
		};
		D8C037F727229B7B001D5C17 /* Products */ = {
			isa = PBXGroup;
			children = (
				D8C037F627229B7B001D5C17 /* MusicPlayer.app */,
				D8C0380F27229B7B001D5C17 /* MusicPlayerTests.xctest */,
				D8C0381A27229B7C001D5C17 /* MusicPlayerUITests.xctest */,
			);
			name = Products;
			sourceTree = "<group>";
		};
		D8C037F827229B7B001D5C17 /* MusicPlayer */ = {
			isa = PBXGroup;
			children = (
				D8C037F927229B7B001D5C17 /* AppDelegate.swift */,
				D8C037FB27229B7B001D5C17 /* SceneDelegate.swift */,
				D8C037FD27229B7B001D5C17 /* ViewController.swift */,
				D8C037FF27229B7B001D5C17 /* Main.storyboard */,
				D8C0380527229B7B001D5C17 /* Assets.xcassets */,
				D8C0380727229B7B001D5C17 /* LaunchScreen.storyboard */,
				D8C0380A27229B7B001D5C17 /* Info.plist */,
				D8C0380227229B7B001D5C17 /* MusicPlayer.xcdatamodeld */,
			);
			path = MusicPlayer;
			sourceTree = "<group>";
		};
		D8C0381227229B7B001D5C17 /* MusicPlayerTests */ = {
			isa = PBXGroup;
			children = (
				D8C0381327229B7C001D5C17 /* MusicPlayerTests.swift */,
				D8C0381527229B7C001D5C17 /* Info.plist */,
			);
			path = MusicPlayerTests;
			sourceTree = "<group>";
		};
		D8C0381D27229B7C001D5C17 /* MusicPlayerUITests */ = {
			isa = PBXGroup;
			children = (
				D8C0381E27229B7C001D5C17 /* MusicPlayerUITests.swift */,
				D8C0382027229B7C001D5C17 /* Info.plist */,
			);
			path = MusicPlayerUITests;
			sourceTree = "<group>";
		};
/* End PBXGroup section */

/* Begin PBXNativeTarget section */
		D8C037F527229B7B001D5C17 /* MusicPlayer */ = {
			isa = PBXNativeTarget;
			buildConfigurationList = D8C0382327229B7C001D5C17 /* Build configuration list for PBXNativeTarget "MusicPlayer" */;
			buildPhases = (
				D8C037F227229B7B001D5C17 /* Sources */,
				D8C037F327229B7B001D5C17 /* Frameworks */,
				D8C037F427229B7B001D5C17 /* Resources */,
			);
			buildRules = (
			);
			dependencies = (
			);
			name = MusicPlayer;
			productName = MusicPlayer;
			productReference = D8C037F627229B7B001D5C17 /* MusicPlayer.app */;
			productType = "com.apple.product-type.application";
		};
		D8C0380E27229B7B001D5C17 /* MusicPlayerTests */ = {
			isa = PBXNativeTarget;
			buildConfigurationList = D8C0382627229B7C001D5C17 /* Build configuration list for PBXNativeTarget "MusicPlayerTests" */;
			buildPhases = (
				D8C0380B27229B7B001D5C17 /* Sources */,
				D8C0380C27229B7B001D5C17 /* Frameworks */,
				D8C0380D27229B7B001D5C17 /* Resources */,
			);
			buildRules = (
			);
			dependencies = (
				D8C0381127229B7B001D5C17 /* PBXTargetDependency */,
			);
			name = MusicPlayerTests;
			productName = MusicPlayerTests;
			productReference = D8C0380F27229B7B001D5C17 /* MusicPlayerTests.xctest */;
			productType = "com.apple.product-type.bundle.unit-test";
		};
		D8C0381927229B7C001D5C17 /* MusicPlayerUITests */ = {
			isa = PBXNativeTarget;
			buildConfigurationList = D8C0382927229B7C001D5C17 /* Build configuration list for PBXNativeTarget "MusicPlayerUITests" */;
			buildPhases = (
				D8C0381627229B7C001D5C17 /* Sources */,
				D8C0381727229B7C001D5C17 /* Frameworks */,
				D8C0381827229B7C001D5C17 /* Resources */,
			);
			buildRules = (
			);
			dependencies = (
				D8C0381C27229B7C001D5C17 /* PBXTargetDependency */,
			);
			name = MusicPlayerUITests;
			productName = MusicPlayerUITests;
			productReference = D8C0381A27229B7C001D5C17 /* MusicPlayerUITests.xctest */;
			productType = "com.apple.product-type.bundle.ui-testing";
		};
/* End PBXNativeTarget section */

/* Begin PBXProject section */
		D8C037EE27229B7B001D5C17 /* Project object */ = {
			isa = PBXProject;
			attributes = {
				LastSwiftUpdateCheck = 1240;
				LastUpgradeCheck = 1240;
				TargetAttributes = {
					D8C037F527229B7B001D5C17 = {
						CreatedOnToolsVersion = 12.4;
					};
					D8C0380E27229B7B001D5C17 = {
						CreatedOnToolsVersion = 12.4;
						TestTargetID = D8C037F527229B7B001D5C17;
					};
					D8C0381927229B7C001D5C17 = {
						CreatedOnToolsVersion = 12.4;
						TestTargetID = D8C037F527229B7B001D5C17;
					};
				};
			};
			buildConfigurationList = D8C037F127229B7B001D5C17 /* Build configuration list for PBXProject "MusicPlayer" */;
			compatibilityVersion = "Xcode 9.3";
			developmentRegion = en;
			hasScannedForEncodings = 0;
			knownRegions = (
				en,
				Base,
			);
			mainGroup = D8C037ED27229B7B001D5C17;
			productRefGroup = D8C037F727229B7B001D5C17 /* Products */;
			projectDirPath = "";
			projectRoot = "";
			targets = (
				D8C037F527229B7B001D5C17 /* MusicPlayer */,
				D8C0380E27229B7B001D5C17 /* MusicPlayerTests */,
				D8C0381927229B7C001D5C17 /* MusicPlayerUITests */,
			);
		};
/* End PBXProject section */

/* Begin PBXResourcesBuildPhase section */
		D8C037F427229B7B001D5C17 /* Resources */ = {
			isa = PBXResourcesBuildPhase;
			buildActionMask = 2147483647;
			files = (
				D8C0380927229B7B001D5C17 /* LaunchScreen.storyboard in Resources */,
				D8C0380627229B7B001D5C17 /* Assets.xcassets in Resources */,
				D8C0380127229B7B001D5C17 /* Main.storyboard in Resources */,
			);
			runOnlyForDeploymentPostprocessing = 0;
		};
		D8C0380D27229B7B001D5C17 /* Resources */ = {
			isa = PBXResourcesBuildPhase;
			buildActionMask = 2147483647;
			files = (
			);
			runOnlyForDeploymentPostprocessing = 0;
		};
		D8C0381827229B7C001D5C17 /* Resources */ = {
			isa = PBXResourcesBuildPhase;
			buildActionMask = 2147483647;
			files = (
			);
			runOnlyForDeploymentPostprocessing = 0;
		};
/* End PBXResourcesBuildPhase section */

/* Begin PBXSourcesBuildPhase section */
		D8C037F227229B7B001D5C17 /* Sources */ = {
			isa = PBXSourcesBuildPhase;
			buildActionMask = 2147483647;
			files = (
				D8C037FE27229B7B001D5C17 /* ViewController.swift in Sources */,
				D8C037FA27229B7B001D5C17 /* AppDelegate.swift in Sources */,
				D8C0380427229B7B001D5C17 /* MusicPlayer.xcdatamodeld in Sources */,
				D8C037FC27229B7B001D5C17 /* SceneDelegate.swift in Sources */,
			);
			runOnlyForDeploymentPostprocessing = 0;
		};
		D8C0380B27229B7B001D5C17 /* Sources */ = {
			isa = PBXSourcesBuildPhase;
			buildActionMask = 2147483647;
			files = (
				D8C0381427229B7C001D5C17 /* MusicPlayerTests.swift in Sources */,
			);
			runOnlyForDeploymentPostprocessing = 0;
		};
		D8C0381627229B7C001D5C17 /* Sources */ = {
			isa = PBXSourcesBuildPhase;
			buildActionMask = 2147483647;
			files = (
				D8C0381F27229B7C001D5C17 /* MusicPlayerUITests.swift in Sources */,
			);
			runOnlyForDeploymentPostprocessing = 0;
		};
/* End PBXSourcesBuildPhase section */

/* Begin PBXTargetDependency section */
		D8C0381127229B7B001D5C17 /* PBXTargetDependency */ = {
			isa = PBXTargetDependency;
			target = D8C037F527229B7B001D5C17 /* MusicPlayer */;
			targetProxy = D8C0381027229B7B001D5C17 /* PBXContainerItemProxy */;
		};
		D8C0381C27229B7C001D5C17 /* PBXTargetDependency */ = {
			isa = PBXTargetDependency;
			target = D8C037F527229B7B001D5C17 /* MusicPlayer */;
			targetProxy = D8C0381B27229B7C001D5C17 /* PBXContainerItemProxy */;
		};
/* End PBXTargetDependency section */

/* Begin PBXVariantGroup section */
		D8C037FF27229B7B001D5C17 /* Main.storyboard */ = {
			isa = PBXVariantGroup;
			children = (
				D8C0380027229B7B001D5C17 /* Base */,
			);
			name = Main.storyboard;
			sourceTree = "<group>";
		};
		D8C0380727229B7B001D5C17 /* LaunchScreen.storyboard */ = {
			isa = PBXVariantGroup;
			children = (
				D8C0380827229B7B001D5C17 /* Base */,
			);
			name = LaunchScreen.storyboard;
			sourceTree = "<group>";
		};
/* End PBXVariantGroup section */

/* Begin XCBuildConfiguration section */
		D8C0382127229B7C001D5C17 /* Debug */ = {
			isa = XCBuildConfiguration;
			buildSettings = {
				ALWAYS_SEARCH_USER_PATHS = NO;
				CLANG_ANALYZER_NONNULL = YES;
				CLANG_ANALYZER_NUMBER_OBJECT_CONVERSION = YES_AGGRESSIVE;
				CLANG_CXX_LANGUAGE_STANDARD = "gnu++14";
				CLANG_CXX_LIBRARY = "libc++";
				CLANG_ENABLE_MODULES = YES;
				CLANG_ENABLE_OBJC_ARC = YES;
				CLANG_ENABLE_OBJC_WEAK = YES;
				CLANG_WARN_BLOCK_CAPTURE_AUTORELEASING = YES;
				CLANG_WARN_BOOL_CONVERSION = YES;
				CLANG_WARN_COMMA = YES;
				CLANG_WARN_CONSTANT_CONVERSION = YES;
				CLANG_WARN_DEPRECATED_OBJC_IMPLEMENTATIONS = YES;
				CLANG_WARN_DIRECT_OBJC_ISA_USAGE = YES_ERROR;
				CLANG_WARN_DOCUMENTATION_COMMENTS = YES;
				CLANG_WARN_EMPTY_BODY = YES;
				CLANG_WARN_ENUM_CONVERSION = YES;
				CLANG_WARN_INFINITE_RECURSION = YES;
				CLANG_WARN_INT_CONVERSION = YES;
				CLANG_WARN_NON_LITERAL_NULL_CONVERSION = YES;
				CLANG_WARN_OBJC_IMPLICIT_RETAIN_SELF = YES;
				CLANG_WARN_OBJC_LITERAL_CONVERSION = YES;
				CLANG_WARN_OBJC_ROOT_CLASS = YES_ERROR;
				CLANG_WARN_QUOTED_INCLUDE_IN_FRAMEWORK_HEADER = YES;
				CLANG_WARN_RANGE_LOOP_ANALYSIS = YES;
				CLANG_WARN_STRICT_PROTOTYPES = YES;
				CLANG_WARN_SUSPICIOUS_MOVE = YES;
				CLANG_WARN_UNGUARDED_AVAILABILITY = YES_AGGRESSIVE;
				CLANG_WARN_UNREACHABLE_CODE = YES;
				CLANG_WARN__DUPLICATE_METHOD_MATCH = YES;
				COPY_PHASE_STRIP = NO;
				DEBUG_INFORMATION_FORMAT = dwarf;
				ENABLE_STRICT_OBJC_MSGSEND = YES;
				ENABLE_TESTABILITY = YES;
				GCC_C_LANGUAGE_STANDARD = gnu11;
				GCC_DYNAMIC_NO_PIC = NO;
				GCC_NO_COMMON_BLOCKS = YES;
				GCC_OPTIMIZATION_LEVEL = 0;
				GCC_PREPROCESSOR_DEFINITIONS = (
					"DEBUG=1",
					"$(inherited)",
				);
				GCC_WARN_64_TO_32_BIT_CONVERSION = YES;
				GCC_WARN_ABOUT_RETURN_TYPE = YES_ERROR;
				GCC_WARN_UNDECLARED_SELECTOR = YES;
				GCC_WARN_UNINITIALIZED_AUTOS = YES_AGGRESSIVE;
				GCC_WARN_UNUSED_FUNCTION = YES;
				GCC_WARN_UNUSED_VARIABLE = YES;
				IPHONEOS_DEPLOYMENT_TARGET = 14.4;
				MTL_ENABLE_DEBUG_INFO = INCLUDE_SOURCE;
				MTL_FAST_MATH = YES;
				ONLY_ACTIVE_ARCH = YES;
				SDKROOT = iphoneos;
				SWIFT_ACTIVE_COMPILATION_CONDITIONS = DEBUG;
				SWIFT_OPTIMIZATION_LEVEL = "-Onone";
			};
			name = Debug;
		};
		D8C0382227229B7C001D5C17 /* Release */ = {
			isa = XCBuildConfiguration;
			buildSettings = {
				ALWAYS_SEARCH_USER_PATHS = NO;
				CLANG_ANALYZER_NONNULL = YES;
				CLANG_ANALYZER_NUMBER_OBJECT_CONVERSION = YES_AGGRESSIVE;
				CLANG_CXX_LANGUAGE_STANDARD = "gnu++14";
				CLANG_CXX_LIBRARY = "libc++";
				CLANG_ENABLE_MODULES = YES;
				CLANG_ENABLE_OBJC_ARC = YES;
				CLANG_ENABLE_OBJC_WEAK = YES;
				CLANG_WARN_BLOCK_CAPTURE_AUTORELEASING = YES;
				CLANG_WARN_BOOL_CONVERSION = YES;
				CLANG_WARN_COMMA = YES;
				CLANG_WARN_CONSTANT_CONVERSION = YES;
				CLANG_WARN_DEPRECATED_OBJC_IMPLEMENTATIONS = YES;
				CLANG_WARN_DIRECT_OBJC_ISA_USAGE = YES_ERROR;
				CLANG_WARN_DOCUMENTATION_COMMENTS = YES;
				CLANG_WARN_EMPTY_BODY = YES;
				CLANG_WARN_ENUM_CONVERSION = YES;
				CLANG_WARN_INFINITE_RECURSION = YES;
				CLANG_WARN_INT_CONVERSION = YES;
				CLANG_WARN_NON_LITERAL_NULL_CONVERSION = YES;
				CLANG_WARN_OBJC_IMPLICIT_RETAIN_SELF = YES;
				CLANG_WARN_OBJC_LITERAL_CONVERSION = YES;
				CLANG_WARN_OBJC_ROOT_CLASS = YES_ERROR;
				CLANG_WARN_QUOTED_INCLUDE_IN_FRAMEWORK_HEADER = YES;
				CLANG_WARN_RANGE_LOOP_ANALYSIS = YES;
				CLANG_WARN_STRICT_PROTOTYPES = YES;
				CLANG_WARN_SUSPICIOUS_MOVE = YES;
				CLANG_WARN_UNGUARDED_AVAILABILITY = YES_AGGRESSIVE;
				CLANG_WARN_UNREACHABLE_CODE = YES;
				CLANG_WARN__DUPLICATE_METHOD_MATCH = YES;
				COPY_PHASE_STRIP = NO;
				DEBUG_INFORMATION_FORMAT = "dwarf-with-dsym";
				ENABLE_NS_ASSERTIONS = NO;
				ENABLE_STRICT_OBJC_MSGSEND = YES;
				GCC_C_LANGUAGE_STANDARD = gnu11;
				GCC_NO_COMMON_BLOCKS = YES;
				GCC_WARN_64_TO_32_BIT_CONVERSION = YES;
				GCC_WARN_ABOUT_RETURN_TYPE = YES_ERROR;
				GCC_WARN_UNDECLARED_SELECTOR = YES;
				GCC_WARN_UNINITIALIZED_AUTOS = YES_AGGRESSIVE;
				GCC_WARN_UNUSED_FUNCTION = YES;
				GCC_WARN_UNUSED_VARIABLE = YES;
				IPHONEOS_DEPLOYMENT_TARGET = 14.4;
				MTL_ENABLE_DEBUG_INFO = NO;
				MTL_FAST_MATH = YES;
				SDKROOT = iphoneos;
				SWIFT_COMPILATION_MODE = wholemodule;
				SWIFT_OPTIMIZATION_LEVEL = "-O";
				VALIDATE_PRODUCT = YES;
			};
			name = Release;
		};
		D8C0382427229B7C001D5C17 /* Debug */ = {
			isa = XCBuildConfiguration;
			buildSettings = {
				ASSETCATALOG_COMPILER_APPICON_NAME = AppIcon;
				ASSETCATALOG_COMPILER_GLOBAL_ACCENT_COLOR_NAME = AccentColor;
				CODE_SIGN_STYLE = Automatic;
				DEVELOPMENT_TEAM = 277QUM3J2F;
				INFOPLIST_FILE = MusicPlayer/Info.plist;
				LD_RUNPATH_SEARCH_PATHS = (
					"$(inherited)",
					"@executable_path/Frameworks",
				);
				PRODUCT_BUNDLE_IDENTIFIER = com.bumjun.MusicPlayer;
				PRODUCT_NAME = "$(TARGET_NAME)";
				SWIFT_VERSION = 5.0;
				TARGETED_DEVICE_FAMILY = "1,2";
			};
			name = Debug;
		};
		D8C0382527229B7C001D5C17 /* Release */ = {
			isa = XCBuildConfiguration;
			buildSettings = {
				ASSETCATALOG_COMPILER_APPICON_NAME = AppIcon;
				ASSETCATALOG_COMPILER_GLOBAL_ACCENT_COLOR_NAME = AccentColor;
				CODE_SIGN_STYLE = Automatic;
				DEVELOPMENT_TEAM = 277QUM3J2F;
				INFOPLIST_FILE = MusicPlayer/Info.plist;
				LD_RUNPATH_SEARCH_PATHS = (
					"$(inherited)",
					"@executable_path/Frameworks",
				);
				PRODUCT_BUNDLE_IDENTIFIER = com.bumjun.MusicPlayer;
				PRODUCT_NAME = "$(TARGET_NAME)";
				SWIFT_VERSION = 5.0;
				TARGETED_DEVICE_FAMILY = "1,2";
			};
			name = Release;
		};
		D8C0382727229B7C001D5C17 /* Debug */ = {
			isa = XCBuildConfiguration;
			buildSettings = {
				ALWAYS_EMBED_SWIFT_STANDARD_LIBRARIES = YES;
				BUNDLE_LOADER = "$(TEST_HOST)";
				CODE_SIGN_STYLE = Automatic;
				DEVELOPMENT_TEAM = 277QUM3J2F;
				INFOPLIST_FILE = MusicPlayerTests/Info.plist;
				IPHONEOS_DEPLOYMENT_TARGET = 14.4;
				LD_RUNPATH_SEARCH_PATHS = (
					"$(inherited)",
					"@executable_path/Frameworks",
					"@loader_path/Frameworks",
				);
				PRODUCT_BUNDLE_IDENTIFIER = com.bumjun.MusicPlayerTests;
				PRODUCT_NAME = "$(TARGET_NAME)";
				SWIFT_VERSION = 5.0;
				TARGETED_DEVICE_FAMILY = "1,2";
				TEST_HOST = "$(BUILT_PRODUCTS_DIR)/MusicPlayer.app/MusicPlayer";
			};
			name = Debug;
		};
		D8C0382827229B7C001D5C17 /* Release */ = {
			isa = XCBuildConfiguration;
			buildSettings = {
				ALWAYS_EMBED_SWIFT_STANDARD_LIBRARIES = YES;
				BUNDLE_LOADER = "$(TEST_HOST)";
				CODE_SIGN_STYLE = Automatic;
				DEVELOPMENT_TEAM = 277QUM3J2F;
				INFOPLIST_FILE = MusicPlayerTests/Info.plist;
				IPHONEOS_DEPLOYMENT_TARGET = 14.4;
				LD_RUNPATH_SEARCH_PATHS = (
					"$(inherited)",
					"@executable_path/Frameworks",
					"@loader_path/Frameworks",
				);
				PRODUCT_BUNDLE_IDENTIFIER = com.bumjun.MusicPlayerTests;
				PRODUCT_NAME = "$(TARGET_NAME)";
				SWIFT_VERSION = 5.0;
				TARGETED_DEVICE_FAMILY = "1,2";
				TEST_HOST = "$(BUILT_PRODUCTS_DIR)/MusicPlayer.app/MusicPlayer";
			};
			name = Release;
		};
		D8C0382A27229B7C001D5C17 /* Debug */ = {
			isa = XCBuildConfiguration;
			buildSettings = {
				ALWAYS_EMBED_SWIFT_STANDARD_LIBRARIES = YES;
				CODE_SIGN_STYLE = Automatic;
				DEVELOPMENT_TEAM = 277QUM3J2F;
				INFOPLIST_FILE = MusicPlayerUITests/Info.plist;
				LD_RUNPATH_SEARCH_PATHS = (
					"$(inherited)",
					"@executable_path/Frameworks",
					"@loader_path/Frameworks",
				);
				PRODUCT_BUNDLE_IDENTIFIER = com.bumjun.MusicPlayerUITests;
				PRODUCT_NAME = "$(TARGET_NAME)";
				SWIFT_VERSION = 5.0;
				TARGETED_DEVICE_FAMILY = "1,2";
				TEST_TARGET_NAME = MusicPlayer;
			};
			name = Debug;
		};
		D8C0382B27229B7C001D5C17 /* Release */ = {
			isa = XCBuildConfiguration;
			buildSettings = {
				ALWAYS_EMBED_SWIFT_STANDARD_LIBRARIES = YES;
				CODE_SIGN_STYLE = Automatic;
				DEVELOPMENT_TEAM = 277QUM3J2F;
				INFOPLIST_FILE = MusicPlayerUITests/Info.plist;
				LD_RUNPATH_SEARCH_PATHS = (
					"$(inherited)",
					"@executable_path/Frameworks",
					"@loader_path/Frameworks",
				);
				PRODUCT_BUNDLE_IDENTIFIER = com.bumjun.MusicPlayerUITests;
				PRODUCT_NAME = "$(TARGET_NAME)";
				SWIFT_VERSION = 5.0;
				TARGETED_DEVICE_FAMILY = "1,2";
				TEST_TARGET_NAME = MusicPlayer;
			};
			name = Release;
		};
/* End XCBuildConfiguration section */

/* Begin XCConfigurationList section */
		D8C037F127229B7B001D5C17 /* Build configuration list for PBXProject "MusicPlayer" */ = {
			isa = XCConfigurationList;
			buildConfigurations = (
				D8C0382127229B7C001D5C17 /* Debug */,
				D8C0382227229B7C001D5C17 /* Release */,
			);
			defaultConfigurationIsVisible = 0;
			defaultConfigurationName = Release;
		};
		D8C0382327229B7C001D5C17 /* Build configuration list for PBXNativeTarget "MusicPlayer" */ = {
			isa = XCConfigurationList;
			buildConfigurations = (
				D8C0382427229B7C001D5C17 /* Debug */,
				D8C0382527229B7C001D5C17 /* Release */,
			);
			defaultConfigurationIsVisible = 0;
			defaultConfigurationName = Release;
		};
		D8C0382627229B7C001D5C17 /* Build configuration list for PBXNativeTarget "MusicPlayerTests" */ = {
			isa = XCConfigurationList;
			buildConfigurations = (
				D8C0382727229B7C001D5C17 /* Debug */,
				D8C0382827229B7C001D5C17 /* Release */,
			);
			defaultConfigurationIsVisible = 0;
			defaultConfigurationName = Release;
		};
		D8C0382927229B7C001D5C17 /* Build configuration list for PBXNativeTarget "MusicPlayerUITests" */ = {
			isa = XCConfigurationList;
			buildConfigurations = (
				D8C0382A27229B7C001D5C17 /* Debug */,
				D8C0382B27229B7C001D5C17 /* Release */,
			);
			defaultConfigurationIsVisible = 0;
			defaultConfigurationName = Release;
		};
/* End XCConfigurationList section */

/* Begin XCVersionGroup section */
		D8C0380227229B7B001D5C17 /* MusicPlayer.xcdatamodeld */ = {
			isa = XCVersionGroup;
			children = (
				D8C0380327229B7B001D5C17 /* MusicPlayer.xcdatamodel */,
			);
			currentVersion = D8C0380327229B7B001D5C17 /* MusicPlayer.xcdatamodel */;
			path = MusicPlayer.xcdatamodeld;
			sourceTree = "<group>";
			versionGroupType = wrapper.xcdatamodel;
		};
/* End XCVersionGroup section */
	};
	rootObject = D8C037EE27229B7B001D5C17 /* Project object */;
}
